{
    "_meta": {
        "hash": {
            "sha256": "e40436c653b397b245dd5ac3dc6de7a85092236c37cf60f2a465d57a579f47e2"
        },
        "pipfile-spec": 6,
        "requires": {
            "python_version": "3.7"
        },
        "sources": [
            {
                "name": "pypi",
                "url": "https://pypi.org/simple",
                "verify_ssl": true
            }
        ]
    },
    "default": {
        "peewee": {
            "hashes": [
                "sha256:02c3d77cc68795e17972f38b5ecfeac564bc7cd8180bcc73f05adf300e5107f4"
            ],
            "index": "pypi",
            "version": "==3.7.1"
        }
    },
    "develop": {}
}
